
Microsoft Visual Studio Solution File, Format Version 12.00
# Visual Studio 15
VisualStudioVersion = 15.0.28307.329
MinimumVisualStudioVersion = 10.0.40219.1
Project("{8BC9CEB8-8B4A-11D0-8D11-00A0C91BC942}") = "ConsoleApplication16", "ConsoleApplication16\ConsoleApplication16.vcxproj", "{A8785238-AFAD-49D8-8501-8B141BB9D52C}"
EndProject
Global
	GlobalSection(SolutionConfigurationPlatforms) = preSolution
		Debug|x64 = Debug|x64
		Debug|x86 = Debug|x86
		Release|x64 = Release|x64
		Release|x86 = Release|x86
	EndGlobalSection
	GlobalSection(ProjectConfigurationPlatforms) = postSolution
		{A8785238-AFAD-49D8-8501-8B141BB9D52C}.Debug|x64.ActiveCfg = Debug|x64
		{A8785238-AFAD-49D8-8501-8B141BB9D52C}.Debug|x64.Build.0 = Debug|x64
		{A8785238-AFAD-49D8-8501-8B141BB9D52C}.Debug|x86.ActiveCfg = Debug|Win32
		{A8785238-AFAD-49D8-8501-8B141BB9D52C}.Debug|x86.Build.0 = Debug|Win32
		{A8785238-AFAD-49D8-8501-8B141BB9D52C}.Release|x64.ActiveCfg = Release|x64
		{A8785238-AFAD-49D8-8501-8B141BB9D52C}.Release|x64.Build.0 = Release|x64
		{A8785238-AFAD-49D8-8501-8B141BB9D52C}.Release|x86.ActiveCfg = Release|Win32
		{A8785238-AFAD-49D8-8501-8B141BB9D52C}.Release|x86.Build.0 = Release|Win32
	EndGlobalSection
	GlobalSection(SolutionProperties) = preSolution
		HideSolutionNode = FALSE
	EndGlobalSection
	GlobalSection(ExtensibilityGlobals) = postSolution
		SolutionGuid = {1E7FDCBD-35D4-4419-BAAF-08CE412A6BB3}
	EndGlobalSection
EndGlobal
